
Microsoft Visual Studio Solution File, Format Version 12.00
# Visual Studio Version 16
VisualStudioVersion = 16.0.31624.102
MinimumVisualStudioVersion = 10.0.40219.1
Project("{FAE04EC0-301F-11D3-BF4B-00C04F79EFBC}") = "KT.Identity", "KT.Identity\KT.Identity.csproj", "{B7E6979F-E0C8-4D2F-AD89-ED9F24A4A493}"
EndProject
Global
	GlobalSection(SolutionConfigurationPlatforms) = preSolution
		Debug|Any CPU = Debug|Any CPU
		Release|Any CPU = Release|Any CPU
	EndGlobalSection
	GlobalSection(ProjectConfigurationPlatforms) = postSolution
		{B7E6979F-E0C8-4D2F-AD89-ED9F24A4A493}.Debug|Any CPU.ActiveCfg = Debug|Any CPU
		{B7E6979F-E0C8-4D2F-AD89-ED9F24A4A493}.Debug|Any CPU.Build.0 = Debug|Any CPU
		{B7E6979F-E0C8-4D2F-AD89-ED9F24A4A493}.Release|Any CPU.ActiveCfg = Release|Any CPU
		{B7E6979F-E0C8-4D2F-AD89-ED9F24A4A493}.Release|Any CPU.Build.0 = Release|Any CPU
	EndGlobalSection
	GlobalSection(SolutionProperties) = preSolution
		HideSolutionNode = FALSE
	EndGlobalSection
	GlobalSection(ExtensibilityGlobals) = postSolution
		SolutionGuid = {63B435E9-0A56-4798-A53C-7AF2EC1808AA}
	EndGlobalSection
EndGlobal
